
Microsoft Visual Studio Solution File, Format Version 12.00
# Visual Studio Version 16
VisualStudioVersion = 16.0.30104.148
MinimumVisualStudioVersion = 10.0.40219.1
Project("{9A19103F-16F7-4668-BE54-9A1E7A4F7556}") = "BatchSeedData", "BatchSeedData.csproj", "{E9282F34-2AB3-49C0-B762-C9F359219083}"
EndProject
Global
	GlobalSection(SolutionConfigurationPlatforms) = preSolution
		Debug|Any CPU = Debug|Any CPU
		Release|Any CPU = Release|Any CPU
	EndGlobalSection
	GlobalSection(ProjectConfigurationPlatforms) = postSolution
		{E9282F34-2AB3-49C0-B762-C9F359219083}.Debug|Any CPU.ActiveCfg = Debug|Any CPU
		{E9282F34-2AB3-49C0-B762-C9F359219083}.Debug|Any CPU.Build.0 = Debug|Any CPU
		{E9282F34-2AB3-49C0-B762-C9F359219083}.Release|Any CPU.ActiveCfg = Release|Any CPU
		{E9282F34-2AB3-49C0-B762-C9F359219083}.Release|Any CPU.Build.0 = Release|Any CPU
	EndGlobalSection
	GlobalSection(SolutionProperties) = preSolution
		HideSolutionNode = FALSE
	EndGlobalSection
	GlobalSection(ExtensibilityGlobals) = postSolution
		SolutionGuid = {3C412507-EAEF-44AE-8886-714A4705486C}
	EndGlobalSection
EndGlobal
